
Microsoft Visual Studio Solution File, Format Version 12.00
# Visual Studio Version 16
VisualStudioVersion = 16.0.32106.194
MinimumVisualStudioVersion = 10.0.40219.1
Project("{9A19103F-16F7-4668-BE54-9A1E7A4F7556}") = "DockerApp", "DockerApp\DockerApp.csproj", "{A0ABEE19-9A7B-4CF4-B0DD-A33EBF65CE2A}"
EndProject
Project("{E53339B2-1760-4266-BCC7-CA923CBCF16C}") = "docker-compose", "docker-compose.dcproj", "{E4A66B36-E342-4828-B518-0BA8550EBB80}"
EndProject
Project("{2150E333-8FDC-42A3-9474-1A3956D46DE8}") = "Front", "Front", "{CA855290-967B-4FBE-9C6D-6F972E6A9360}"
	ProjectSection(SolutionItems) = preProject
		index.html = index.html
	EndProjectSection
EndProject
Global
	GlobalSection(SolutionConfigurationPlatforms) = preSolution
		Debug|Any CPU = Debug|Any CPU
		Release|Any CPU = Release|Any CPU
	EndGlobalSection
	GlobalSection(ProjectConfigurationPlatforms) = postSolution
		{A0ABEE19-9A7B-4CF4-B0DD-A33EBF65CE2A}.Debug|Any CPU.ActiveCfg = Debug|Any CPU
		{A0ABEE19-9A7B-4CF4-B0DD-A33EBF65CE2A}.Debug|Any CPU.Build.0 = Debug|Any CPU
		{A0ABEE19-9A7B-4CF4-B0DD-A33EBF65CE2A}.Release|Any CPU.ActiveCfg = Release|Any CPU
		{A0ABEE19-9A7B-4CF4-B0DD-A33EBF65CE2A}.Release|Any CPU.Build.0 = Release|Any CPU
		{E4A66B36-E342-4828-B518-0BA8550EBB80}.Debug|Any CPU.ActiveCfg = Debug|Any CPU
		{E4A66B36-E342-4828-B518-0BA8550EBB80}.Debug|Any CPU.Build.0 = Debug|Any CPU
		{E4A66B36-E342-4828-B518-0BA8550EBB80}.Release|Any CPU.ActiveCfg = Release|Any CPU
		{E4A66B36-E342-4828-B518-0BA8550EBB80}.Release|Any CPU.Build.0 = Release|Any CPU
	EndGlobalSection
	GlobalSection(SolutionProperties) = preSolution
		HideSolutionNode = FALSE
	EndGlobalSection
	GlobalSection(ExtensibilityGlobals) = postSolution
		SolutionGuid = {290187CE-5E6A-43CC-9E66-D7E47F9BDFA3}
	EndGlobalSection
EndGlobal
